{
  "nodes": {
    "nixpkgs": {
      "locked": {
        "lastModified": 1650143261,
        "narHash": "sha256-KI3IDHAtXG/7Uu1gNuuy6ovKqP/d6OhV0HwCWIKx0Aw=",
        "owner": "NixOS",
        "repo": "nixpkgs",
        "rev": "0a862f558d4001c62f15f652b1b907002dc1e9b9",
        "type": "github"
      },
      "original": {
        "owner": "NixOS",
        "ref": "nixos-21.11",
        "repo": "nixpkgs",
        "type": "github"
      }
    },
    "root": {
      "inputs": {
        "nixpkgs": "nixpkgs"
      }
    }
  },
  "root": "root",
  "version": 7
}
